// !$*UTF8*$!
{
	archiveVersion = 1;
	classes = {
	};
	objectVersion = 50;
	objects = {

/* Begin PBXBuildFile section */
		1210D71E26DEE2BA00127784 /* AppDelegate.swift in Sources */ = {isa = PBXBuildFile; fileRef = 1210D71D26DEE2BA00127784 /* AppDelegate.swift */; };
		1210D72026DEE2BA00127784 /* SceneDelegate.swift in Sources */ = {isa = PBXBuildFile; fileRef = 1210D71F26DEE2BA00127784 /* SceneDelegate.swift */; };
		1210D72226DEE2BA00127784 /* ViewController.swift in Sources */ = {isa = PBXBuildFile; fileRef = 1210D72126DEE2BA00127784 /* ViewController.swift */; };
		1210D72526DEE2BA00127784 /* Main.storyboard in Resources */ = {isa = PBXBuildFile; fileRef = 1210D72326DEE2BA00127784 /* Main.storyboard */; };
		1210D72726DEE2BC00127784 /* Assets.xcassets in Resources */ = {isa = PBXBuildFile; fileRef = 1210D72626DEE2BC00127784 /* Assets.xcassets */; };
		1210D72A26DEE2BC00127784 /* LaunchScreen.storyboard in Resources */ = {isa = PBXBuildFile; fileRef = 1210D72826DEE2BC00127784 /* LaunchScreen.storyboard */; };
		12BEFF4826DF71A800467567 /* CustomTableViewCell.swift in Sources */ = {isa = PBXBuildFile; fileRef = 12BEFF4726DF71A800467567 /* CustomTableViewCell.swift */; };
		12BEFF4A26DF987E00467567 /* SecondViewController.swift in Sources */ = {isa = PBXBuildFile; fileRef = 12BEFF4926DF987E00467567 /* SecondViewController.swift */; };
		12BEFF5126DFB64000467567 /* NewtworkManager.swift in Sources */ = {isa = PBXBuildFile; fileRef = 12BEFF5026DFB64000467567 /* NewtworkManager.swift */; };
		12BEFF5326DFB75900467567 /* WeatherData.swift in Sources */ = {isa = PBXBuildFile; fileRef = 12BEFF5226DFB75900467567 /* WeatherData.swift */; };
		12BEFF5526DFB9EB00467567 /* Weather.swift in Sources */ = {isa = PBXBuildFile; fileRef = 12BEFF5426DFB9EB00467567 /* Weather.swift */; };
		12BEFF5726DFBFF400467567 /* GetCityWeather.swift in Sources */ = {isa = PBXBuildFile; fileRef = 12BEFF5626DFBFF400467567 /* GetCityWeather.swift */; };
		4B21690226F4F13B00FF29F4 /* Alamofire.framework in Frameworks */ = {isa = PBXBuildFile; fileRef = 4B2168F226F4F12F00FF29F4 /* Alamofire.framework */; };
		4B21690326F4F13B00FF29F4 /* Alamofire.framework in Embed Frameworks */ = {isa = PBXBuildFile; fileRef = 4B2168F226F4F12F00FF29F4 /* Alamofire.framework */; settings = {ATTRIBUTES = (CodeSignOnCopy, RemoveHeadersOnCopy, ); }; };
/* End PBXBuildFile section */

/* Begin PBXContainerItemProxy section */
		4B2168F126F4F12F00FF29F4 /* PBXContainerItemProxy */ = {
			isa = PBXContainerItemProxy;
			containerPortal = 4B2168E626F4F12E00FF29F4 /* Alamofire.xcodeproj */;
			proxyType = 2;
			remoteGlobalIDString = F8111E3319A95C8B0040E7D1;
			remoteInfo = "Alamofire iOS";
		};
		4B2168F326F4F12F00FF29F4 /* PBXContainerItemProxy */ = {
			isa = PBXContainerItemProxy;
			containerPortal = 4B2168E626F4F12E00FF29F4 /* Alamofire.xcodeproj */;
			proxyType = 2;
			remoteGlobalIDString = F8111E3E19A95C8B0040E7D1;
			remoteInfo = "Alamofire iOS Tests";
		};
		4B2168F526F4F12F00FF29F4 /* PBXContainerItemProxy */ = {
			isa = PBXContainerItemProxy;
			containerPortal = 4B2168E626F4F12E00FF29F4 /* Alamofire.xcodeproj */;
			proxyType = 2;
			remoteGlobalIDString = 4DD67C0B1A5C55C900ED2280;
			remoteInfo = "Alamofire macOS";
		};
		4B2168F726F4F12F00FF29F4 /* PBXContainerItemProxy */ = {
			isa = PBXContainerItemProxy;
			containerPortal = 4B2168E626F4F12E00FF29F4 /* Alamofire.xcodeproj */;
			proxyType = 2;
			remoteGlobalIDString = F829C6B21A7A94F100A2CD59;
			remoteInfo = "Alamofire macOS Tests";
		};
		4B2168F926F4F12F00FF29F4 /* PBXContainerItemProxy */ = {
			isa = PBXContainerItemProxy;
			containerPortal = 4B2168E626F4F12E00FF29F4 /* Alamofire.xcodeproj */;
			proxyType = 2;
			remoteGlobalIDString = 4CF626EF1BA7CB3E0011A099;
			remoteInfo = "Alamofire tvOS";
		};
		4B2168FB26F4F12F00FF29F4 /* PBXContainerItemProxy */ = {
			isa = PBXContainerItemProxy;
			containerPortal = 4B2168E626F4F12E00FF29F4 /* Alamofire.xcodeproj */;
			proxyType = 2;
			remoteGlobalIDString = 4CF626F81BA7CB3E0011A099;
			remoteInfo = "Alamofire tvOS Tests";
		};
		4B2168FD26F4F12F00FF29F4 /* PBXContainerItemProxy */ = {
			isa = PBXContainerItemProxy;
			containerPortal = 4B2168E626F4F12E00FF29F4 /* Alamofire.xcodeproj */;
			proxyType = 2;
			remoteGlobalIDString = E4202FE01B667AA100C997FB;
			remoteInfo = "Alamofire watchOS";
		};
		4B2168FF26F4F12F00FF29F4 /* PBXContainerItemProxy */ = {
			isa = PBXContainerItemProxy;
			containerPortal = 4B2168E626F4F12E00FF29F4 /* Alamofire.xcodeproj */;
			proxyType = 2;
			remoteGlobalIDString = 31293065263E17D600473CEA;
			remoteInfo = "Alamofire watchOS Tests";
		};
/* End PBXContainerItemProxy section */

/* Begin PBXCopyFilesBuildPhase section */
		4B21690426F4F13B00FF29F4 /* Embed Frameworks */ = {
			isa = PBXCopyFilesBuildPhase;
			buildActionMask = 2147483647;
			dstPath = "";
			dstSubfolderSpec = 10;
			files = (
				4B21690326F4F13B00FF29F4 /* Alamofire.framework in Embed Frameworks */,
			);
			name = "Embed Frameworks";
			runOnlyForDeploymentPostprocessing = 0;
		};
/* End PBXCopyFilesBuildPhase section */

/* Begin PBXFileReference section */
		1210D71A26DEE2BA00127784 /* KirillApp.app */ = {isa = PBXFileReference; explicitFileType = wrapper.application; includeInIndex = 0; path = KirillApp.app; sourceTree = BUILT_PRODUCTS_DIR; };
		1210D71D26DEE2BA00127784 /* AppDelegate.swift */ = {isa = PBXFileReference; lastKnownFileType = sourcecode.swift; path = AppDelegate.swift; sourceTree = "<group>"; };
		1210D71F26DEE2BA00127784 /* SceneDelegate.swift */ = {isa = PBXFileReference; lastKnownFileType = sourcecode.swift; path = SceneDelegate.swift; sourceTree = "<group>"; };
		1210D72126DEE2BA00127784 /* ViewController.swift */ = {isa = PBXFileReference; lastKnownFileType = sourcecode.swift; path = ViewController.swift; sourceTree = "<group>"; };
		1210D72426DEE2BA00127784 /* Base */ = {isa = PBXFileReference; lastKnownFileType = file.storyboard; name = Base; path = Base.lproj/Main.storyboard; sourceTree = "<group>"; };
		1210D72626DEE2BC00127784 /* Assets.xcassets */ = {isa = PBXFileReference; lastKnownFileType = folder.assetcatalog; path = Assets.xcassets; sourceTree = "<group>"; };
		1210D72926DEE2BC00127784 /* Base */ = {isa = PBXFileReference; lastKnownFileType = file.storyboard; name = Base; path = Base.lproj/LaunchScreen.storyboard; sourceTree = "<group>"; };
		1210D72B26DEE2BC00127784 /* Info.plist */ = {isa = PBXFileReference; lastKnownFileType = text.plist.xml; path = Info.plist; sourceTree = "<group>"; };
		12BEFF4726DF71A800467567 /* CustomTableViewCell.swift */ = {isa = PBXFileReference; lastKnownFileType = sourcecode.swift; path = CustomTableViewCell.swift; sourceTree = "<group>"; };
		12BEFF4926DF987E00467567 /* SecondViewController.swift */ = {isa = PBXFileReference; lastKnownFileType = sourcecode.swift; path = SecondViewController.swift; sourceTree = "<group>"; };
		12BEFF5026DFB64000467567 /* NewtworkManager.swift */ = {isa = PBXFileReference; lastKnownFileType = sourcecode.swift; path = NewtworkManager.swift; sourceTree = "<group>"; };
		12BEFF5226DFB75900467567 /* WeatherData.swift */ = {isa = PBXFileReference; lastKnownFileType = sourcecode.swift; path = WeatherData.swift; sourceTree = "<group>"; };
		12BEFF5426DFB9EB00467567 /* Weather.swift */ = {isa = PBXFileReference; lastKnownFileType = sourcecode.swift; path = Weather.swift; sourceTree = "<group>"; };
		12BEFF5626DFBFF400467567 /* GetCityWeather.swift */ = {isa = PBXFileReference; lastKnownFileType = sourcecode.swift; path = GetCityWeather.swift; sourceTree = "<group>"; };
		4B2168E626F4F12E00FF29F4 /* Alamofire.xcodeproj */ = {isa = PBXFileReference; lastKnownFileType = "wrapper.pb-project"; name = Alamofire.xcodeproj; path = "Alamofire-master/Alamofire.xcodeproj"; sourceTree = "<group>"; };
/* End PBXFileReference section */

/* Begin PBXFrameworksBuildPhase section */
		1210D71726DEE2BA00127784 /* Frameworks */ = {
			isa = PBXFrameworksBuildPhase;
			buildActionMask = 2147483647;
			files = (
				4B21690226F4F13B00FF29F4 /* Alamofire.framework in Frameworks */,
			);
			runOnlyForDeploymentPostprocessing = 0;
		};
/* End PBXFrameworksBuildPhase section */

/* Begin PBXGroup section */
		1210D71126DEE2BA00127784 = {
			isa = PBXGroup;
			children = (
				4B2168E626F4F12E00FF29F4 /* Alamofire.xcodeproj */,
				1210D71C26DEE2BA00127784 /* KirillApp */,
				1210D71B26DEE2BA00127784 /* Products */,
				4B21690126F4F13B00FF29F4 /* Frameworks */,
			);
			sourceTree = "<group>";
		};
		1210D71B26DEE2BA00127784 /* Products */ = {
			isa = PBXGroup;
			children = (
				1210D71A26DEE2BA00127784 /* KirillApp.app */,
			);
			name = Products;
			sourceTree = "<group>";
		};
		1210D71C26DEE2BA00127784 /* KirillApp */ = {
			isa = PBXGroup;
			children = (
				12BEFF4F26DFB61800467567 /* Model */,
				12BEFF4C26DFB57A00467567 /* View */,
				12BEFF4B26DFB55100467567 /* SupportFiles */,
			);
			path = KirillApp;
			sourceTree = "<group>";
		};
		12BEFF4B26DFB55100467567 /* SupportFiles */ = {
			isa = PBXGroup;
			children = (
				1210D72626DEE2BC00127784 /* Assets.xcassets */,
				1210D72B26DEE2BC00127784 /* Info.plist */,
				1210D71F26DEE2BA00127784 /* SceneDelegate.swift */,
				1210D71D26DEE2BA00127784 /* AppDelegate.swift */,
			);
			path = SupportFiles;
			sourceTree = "<group>";
		};
		12BEFF4C26DFB57A00467567 /* View */ = {
			isa = PBXGroup;
			children = (
				1210D72326DEE2BA00127784 /* Main.storyboard */,
				1210D72826DEE2BC00127784 /* LaunchScreen.storyboard */,
			);
			path = View;
			sourceTree = "<group>";
		};
		12BEFF4F26DFB61800467567 /* Model */ = {
			isa = PBXGroup;
			children = (
				1210D72126DEE2BA00127784 /* ViewController.swift */,
				12BEFF4926DF987E00467567 /* SecondViewController.swift */,
				12BEFF5626DFBFF400467567 /* GetCityWeather.swift */,
				12BEFF4726DF71A800467567 /* CustomTableViewCell.swift */,
				12BEFF5226DFB75900467567 /* WeatherData.swift */,
				12BEFF5426DFB9EB00467567 /* Weather.swift */,
				12BEFF5026DFB64000467567 /* NewtworkManager.swift */,
			);
			path = Model;
			sourceTree = "<group>";
		};
		4B2168E726F4F12E00FF29F4 /* Products */ = {
			isa = PBXGroup;
			children = (
				4B2168F226F4F12F00FF29F4 /* Alamofire.framework */,
				4B2168F426F4F12F00FF29F4 /* Alamofire iOS Tests.xctest */,
				4B2168F626F4F12F00FF29F4 /* Alamofire.framework */,
				4B2168F826F4F12F00FF29F4 /* Alamofire macOS Tests.xctest */,
				4B2168FA26F4F12F00FF29F4 /* Alamofire.framework */,
				4B2168FC26F4F12F00FF29F4 /* Alamofire tvOS Tests.xctest */,
				4B2168FE26F4F12F00FF29F4 /* Alamofire.framework */,
				4B21690026F4F12F00FF29F4 /* Alamofire watchOS Tests.xctest */,
			);
			name = Products;
			sourceTree = "<group>";
		};
		4B21690126F4F13B00FF29F4 /* Frameworks */ = {
			isa = PBXGroup;
			children = (
			);
			name = Frameworks;
			sourceTree = "<group>";
		};
/* End PBXGroup section */

/* Begin PBXNativeTarget section */
		1210D71926DEE2BA00127784 /* KirillApp */ = {
			isa = PBXNativeTarget;
			buildConfigurationList = 1210D72E26DEE2BC00127784 /* Build configuration list for PBXNativeTarget "KirillApp" */;
			buildPhases = (
				1210D71626DEE2BA00127784 /* Sources */,
				1210D71726DEE2BA00127784 /* Frameworks */,
				1210D71826DEE2BA00127784 /* Resources */,
				4B21690426F4F13B00FF29F4 /* Embed Frameworks */,
			);
			buildRules = (
			);
			dependencies = (
			);
			name = KirillApp;
			productName = KirillApp;
			productReference = 1210D71A26DEE2BA00127784 /* KirillApp.app */;
			productType = "com.apple.product-type.application";
		};
/* End PBXNativeTarget section */

/* Begin PBXProject section */
		1210D71226DEE2BA00127784 /* Project object */ = {
			isa = PBXProject;
			attributes = {
				LastSwiftUpdateCheck = 1250;
				LastUpgradeCheck = 1250;
				TargetAttributes = {
					1210D71926DEE2BA00127784 = {
						CreatedOnToolsVersion = 12.5.1;
					};
				};
			};
			buildConfigurationList = 1210D71526DEE2BA00127784 /* Build configuration list for PBXProject "KirillApp" */;
			compatibilityVersion = "Xcode 9.3";
			developmentRegion = en;
			hasScannedForEncodings = 0;
			knownRegions = (
				en,
				Base,
			);
			mainGroup = 1210D71126DEE2BA00127784;
			productRefGroup = 1210D71B26DEE2BA00127784 /* Products */;
			projectDirPath = "";
			projectReferences = (
				{
					ProductGroup = 4B2168E726F4F12E00FF29F4 /* Products */;
					ProjectRef = 4B2168E626F4F12E00FF29F4 /* Alamofire.xcodeproj */;
				},
			);
			projectRoot = "";
			targets = (
				1210D71926DEE2BA00127784 /* KirillApp */,
			);
		};
/* End PBXProject section */

/* Begin PBXReferenceProxy section */
		4B2168F226F4F12F00FF29F4 /* Alamofire.framework */ = {
			isa = PBXReferenceProxy;
			fileType = wrapper.framework;
			path = Alamofire.framework;
			remoteRef = 4B2168F126F4F12F00FF29F4 /* PBXContainerItemProxy */;
			sourceTree = BUILT_PRODUCTS_DIR;
		};
		4B2168F426F4F12F00FF29F4 /* Alamofire iOS Tests.xctest */ = {
			isa = PBXReferenceProxy;
			fileType = wrapper.cfbundle;
			path = "Alamofire iOS Tests.xctest";
			remoteRef = 4B2168F326F4F12F00FF29F4 /* PBXContainerItemProxy */;
			sourceTree = BUILT_PRODUCTS_DIR;
		};
		4B2168F626F4F12F00FF29F4 /* Alamofire.framework */ = {
			isa = PBXReferenceProxy;
			fileType = wrapper.framework;
			path = Alamofire.framework;
			remoteRef = 4B2168F526F4F12F00FF29F4 /* PBXContainerItemProxy */;
			sourceTree = BUILT_PRODUCTS_DIR;
		};
		4B2168F826F4F12F00FF29F4 /* Alamofire macOS Tests.xctest */ = {
			isa = PBXReferenceProxy;
			fileType = wrapper.cfbundle;
			path = "Alamofire macOS Tests.xctest";
			remoteRef = 4B2168F726F4F12F00FF29F4 /* PBXContainerItemProxy */;
			sourceTree = BUILT_PRODUCTS_DIR;
		};
		4B2168FA26F4F12F00FF29F4 /* Alamofire.framework */ = {
			isa = PBXReferenceProxy;
			fileType = wrapper.framework;
			path = Alamofire.framework;
			remoteRef = 4B2168F926F4F12F00FF29F4 /* PBXContainerItemProxy */;
			sourceTree = BUILT_PRODUCTS_DIR;
		};
		4B2168FC26F4F12F00FF29F4 /* Alamofire tvOS Tests.xctest */ = {
			isa = PBXReferenceProxy;
			fileType = wrapper.cfbundle;
			path = "Alamofire tvOS Tests.xctest";
			remoteRef = 4B2168FB26F4F12F00FF29F4 /* PBXContainerItemProxy */;
			sourceTree = BUILT_PRODUCTS_DIR;
		};
		4B2168FE26F4F12F00FF29F4 /* Alamofire.framework */ = {
			isa = PBXReferenceProxy;
			fileType = wrapper.framework;
			path = Alamofire.framework;
			remoteRef = 4B2168FD26F4F12F00FF29F4 /* PBXContainerItemProxy */;
			sourceTree = BUILT_PRODUCTS_DIR;
		};
		4B21690026F4F12F00FF29F4 /* Alamofire watchOS Tests.xctest */ = {
			isa = PBXReferenceProxy;
			fileType = wrapper.cfbundle;
			path = "Alamofire watchOS Tests.xctest";
			remoteRef = 4B2168FF26F4F12F00FF29F4 /* PBXContainerItemProxy */;
			sourceTree = BUILT_PRODUCTS_DIR;
		};
/* End PBXReferenceProxy section */

/* Begin PBXResourcesBuildPhase section */
		1210D71826DEE2BA00127784 /* Resources */ = {
			isa = PBXResourcesBuildPhase;
			buildActionMask = 2147483647;
			files = (
				1210D72A26DEE2BC00127784 /* LaunchScreen.storyboard in Resources */,
				1210D72726DEE2BC00127784 /* Assets.xcassets in Resources */,
				1210D72526DEE2BA00127784 /* Main.storyboard in Resources */,
			);
			runOnlyForDeploymentPostprocessing = 0;
		};
/* End PBXResourcesBuildPhase section */

/* Begin PBXSourcesBuildPhase section */
		1210D71626DEE2BA00127784 /* Sources */ = {
			isa = PBXSourcesBuildPhase;
			buildActionMask = 2147483647;
			files = (
				12BEFF5726DFBFF400467567 /* GetCityWeather.swift in Sources */,
				1210D72226DEE2BA00127784 /* ViewController.swift in Sources */,
				1210D71E26DEE2BA00127784 /* AppDelegate.swift in Sources */,
				12BEFF4826DF71A800467567 /* CustomTableViewCell.swift in Sources */,
				12BEFF5126DFB64000467567 /* NewtworkManager.swift in Sources */,
				12BEFF5526DFB9EB00467567 /* Weather.swift in Sources */,
				12BEFF4A26DF987E00467567 /* SecondViewController.swift in Sources */,
				1210D72026DEE2BA00127784 /* SceneDelegate.swift in Sources */,
				12BEFF5326DFB75900467567 /* WeatherData.swift in Sources */,
			);
			runOnlyForDeploymentPostprocessing = 0;
		};
/* End PBXSourcesBuildPhase section */

/* Begin PBXVariantGroup section */
		1210D72326DEE2BA00127784 /* Main.storyboard */ = {
			isa = PBXVariantGroup;
			children = (
				1210D72426DEE2BA00127784 /* Base */,
			);
			name = Main.storyboard;
			sourceTree = "<group>";
		};
		1210D72826DEE2BC00127784 /* LaunchScreen.storyboard */ = {
			isa = PBXVariantGroup;
			children = (
				1210D72926DEE2BC00127784 /* Base */,
			);
			name = LaunchScreen.storyboard;
			sourceTree = "<group>";
		};
/* End PBXVariantGroup section */

/* Begin XCBuildConfiguration section */
		1210D72C26DEE2BC00127784 /* Debug */ = {
			isa = XCBuildConfiguration;
			buildSettings = {
				ALWAYS_SEARCH_USER_PATHS = NO;
				CLANG_ANALYZER_NONNULL = YES;
				CLANG_ANALYZER_NUMBER_OBJECT_CONVERSION = YES_AGGRESSIVE;
				CLANG_CXX_LANGUAGE_STANDARD = "gnu++14";
				CLANG_CXX_LIBRARY = "libc++";
				CLANG_ENABLE_MODULES = YES;
				CLANG_ENABLE_OBJC_ARC = YES;
				CLANG_ENABLE_OBJC_WEAK = YES;
				CLANG_WARN_BLOCK_CAPTURE_AUTORELEASING = YES;
				CLANG_WARN_BOOL_CONVERSION = YES;
				CLANG_WARN_COMMA = YES;
				CLANG_WARN_CONSTANT_CONVERSION = YES;
				CLANG_WARN_DEPRECATED_OBJC_IMPLEMENTATIONS = YES;
				CLANG_WARN_DIRECT_OBJC_ISA_USAGE = YES_ERROR;
				CLANG_WARN_DOCUMENTATION_COMMENTS = YES;
				CLANG_WARN_EMPTY_BODY = YES;
				CLANG_WARN_ENUM_CONVERSION = YES;
				CLANG_WARN_INFINITE_RECURSION = YES;
				CLANG_WARN_INT_CONVERSION = YES;
				CLANG_WARN_NON_LITERAL_NULL_CONVERSION = YES;
				CLANG_WARN_OBJC_IMPLICIT_RETAIN_SELF = YES;
				CLANG_WARN_OBJC_LITERAL_CONVERSION = YES;
				CLANG_WARN_OBJC_ROOT_CLASS = YES_ERROR;
				CLANG_WARN_QUOTED_INCLUDE_IN_FRAMEWORK_HEADER = YES;
				CLANG_WARN_RANGE_LOOP_ANALYSIS = YES;
				CLANG_WARN_STRICT_PROTOTYPES = YES;
				CLANG_WARN_SUSPICIOUS_MOVE = YES;
				CLANG_WARN_UNGUARDED_AVAILABILITY = YES_AGGRESSIVE;
				CLANG_WARN_UNREACHABLE_CODE = YES;
				CLANG_WARN__DUPLICATE_METHOD_MATCH = YES;
				COPY_PHASE_STRIP = NO;
				DEBUG_INFORMATION_FORMAT = dwarf;
				ENABLE_STRICT_OBJC_MSGSEND = YES;
				ENABLE_TESTABILITY = YES;
				GCC_C_LANGUAGE_STANDARD = gnu11;
				GCC_DYNAMIC_NO_PIC = NO;
				GCC_NO_COMMON_BLOCKS = YES;
				GCC_OPTIMIZATION_LEVEL = 0;
				GCC_PREPROCESSOR_DEFINITIONS = (
					"DEBUG=1",
					"$(inherited)",
				);
				GCC_WARN_64_TO_32_BIT_CONVERSION = YES;
				GCC_WARN_ABOUT_RETURN_TYPE = YES_ERROR;
				GCC_WARN_UNDECLARED_SELECTOR = YES;
				GCC_WARN_UNINITIALIZED_AUTOS = YES_AGGRESSIVE;
				GCC_WARN_UNUSED_FUNCTION = YES;
				GCC_WARN_UNUSED_VARIABLE = YES;
				IPHONEOS_DEPLOYMENT_TARGET = 14.5;
				MTL_ENABLE_DEBUG_INFO = INCLUDE_SOURCE;
				MTL_FAST_MATH = YES;
				ONLY_ACTIVE_ARCH = YES;
				SDKROOT = iphoneos;
				SWIFT_ACTIVE_COMPILATION_CONDITIONS = DEBUG;
				SWIFT_OPTIMIZATION_LEVEL = "-Onone";
			};
			name = Debug;
		};
		1210D72D26DEE2BC00127784 /* Release */ = {
			isa = XCBuildConfiguration;
			buildSettings = {
				ALWAYS_SEARCH_USER_PATHS = NO;
				CLANG_ANALYZER_NONNULL = YES;
				CLANG_ANALYZER_NUMBER_OBJECT_CONVERSION = YES_AGGRESSIVE;
				CLANG_CXX_LANGUAGE_STANDARD = "gnu++14";
				CLANG_CXX_LIBRARY = "libc++";
				CLANG_ENABLE_MODULES = YES;
				CLANG_ENABLE_OBJC_ARC = YES;
				CLANG_ENABLE_OBJC_WEAK = YES;
				CLANG_WARN_BLOCK_CAPTURE_AUTORELEASING = YES;
				CLANG_WARN_BOOL_CONVERSION = YES;
				CLANG_WARN_COMMA = YES;
				CLANG_WARN_CONSTANT_CONVERSION = YES;
				CLANG_WARN_DEPRECATED_OBJC_IMPLEMENTATIONS = YES;
				CLANG_WARN_DIRECT_OBJC_ISA_USAGE = YES_ERROR;
				CLANG_WARN_DOCUMENTATION_COMMENTS = YES;
				CLANG_WARN_EMPTY_BODY = YES;
				CLANG_WARN_ENUM_CONVERSION = YES;
				CLANG_WARN_INFINITE_RECURSION = YES;
				CLANG_WARN_INT_CONVERSION = YES;
				CLANG_WARN_NON_LITERAL_NULL_CONVERSION = YES;
				CLANG_WARN_OBJC_IMPLICIT_RETAIN_SELF = YES;
				CLANG_WARN_OBJC_LITERAL_CONVERSION = YES;
				CLANG_WARN_OBJC_ROOT_CLASS = YES_ERROR;
				CLANG_WARN_QUOTED_INCLUDE_IN_FRAMEWORK_HEADER = YES;
				CLANG_WARN_RANGE_LOOP_ANALYSIS = YES;
				CLANG_WARN_STRICT_PROTOTYPES = YES;
				CLANG_WARN_SUSPICIOUS_MOVE = YES;
				CLANG_WARN_UNGUARDED_AVAILABILITY = YES_AGGRESSIVE;
				CLANG_WARN_UNREACHABLE_CODE = YES;
				CLANG_WARN__DUPLICATE_METHOD_MATCH = YES;
				COPY_PHASE_STRIP = NO;
				DEBUG_INFORMATION_FORMAT = "dwarf-with-dsym";
				ENABLE_NS_ASSERTIONS = NO;
				ENABLE_STRICT_OBJC_MSGSEND = YES;
				GCC_C_LANGUAGE_STANDARD = gnu11;
				GCC_NO_COMMON_BLOCKS = YES;
				GCC_WARN_64_TO_32_BIT_CONVERSION = YES;
				GCC_WARN_ABOUT_RETURN_TYPE = YES_ERROR;
				GCC_WARN_UNDECLARED_SELECTOR = YES;
				GCC_WARN_UNINITIALIZED_AUTOS = YES_AGGRESSIVE;
				GCC_WARN_UNUSED_FUNCTION = YES;
				GCC_WARN_UNUSED_VARIABLE = YES;
				IPHONEOS_DEPLOYMENT_TARGET = 14.5;
				MTL_ENABLE_DEBUG_INFO = NO;
				MTL_FAST_MATH = YES;
				SDKROOT = iphoneos;
				SWIFT_COMPILATION_MODE = wholemodule;
				SWIFT_OPTIMIZATION_LEVEL = "-O";
				VALIDATE_PRODUCT = YES;
			};
			name = Release;
		};
		1210D72F26DEE2BC00127784 /* Debug */ = {
			isa = XCBuildConfiguration;
			buildSettings = {
				ASSETCATALOG_COMPILER_APPICON_NAME = AppIcon;
				ASSETCATALOG_COMPILER_GLOBAL_ACCENT_COLOR_NAME = AccentColor;
				CODE_SIGN_STYLE = Automatic;
				DEVELOPMENT_TEAM = KD6D74S852;
				INFOPLIST_FILE = KirillApp/SupportFiles/Info.plist;
				IPHONEOS_DEPLOYMENT_TARGET = 14.1;
				LD_RUNPATH_SEARCH_PATHS = (
					"$(inherited)",
					"@executable_path/Frameworks",
				);
				PRODUCT_BUNDLE_IDENTIFIER = Test.KirillApp;
				PRODUCT_NAME = "$(TARGET_NAME)";
				SWIFT_VERSION = 5.0;
				TARGETED_DEVICE_FAMILY = 1;
			};
			name = Debug;
		};
		1210D73026DEE2BC00127784 /* Release */ = {
			isa = XCBuildConfiguration;
			buildSettings = {
				ASSETCATALOG_COMPILER_APPICON_NAME = AppIcon;
				ASSETCATALOG_COMPILER_GLOBAL_ACCENT_COLOR_NAME = AccentColor;
				CODE_SIGN_STYLE = Automatic;
				DEVELOPMENT_TEAM = KD6D74S852;
				INFOPLIST_FILE = KirillApp/SupportFiles/Info.plist;
				IPHONEOS_DEPLOYMENT_TARGET = 14.1;
				LD_RUNPATH_SEARCH_PATHS = (
					"$(inherited)",
					"@executable_path/Frameworks",
				);
				PRODUCT_BUNDLE_IDENTIFIER = Test.KirillApp;
				PRODUCT_NAME = "$(TARGET_NAME)";
				SWIFT_VERSION = 5.0;
				TARGETED_DEVICE_FAMILY = 1;
			};
			name = Release;
		};
/* End XCBuildConfiguration section */

/* Begin XCConfigurationList section */
		1210D71526DEE2BA00127784 /* Build configuration list for PBXProject "KirillApp" */ = {
			isa = XCConfigurationList;
			buildConfigurations = (
				1210D72C26DEE2BC00127784 /* Debug */,
				1210D72D26DEE2BC00127784 /* Release */,
			);
			defaultConfigurationIsVisible = 0;
			defaultConfigurationName = Release;
		};
		1210D72E26DEE2BC00127784 /* Build configuration list for PBXNativeTarget "KirillApp" */ = {
			isa = XCConfigurationList;
			buildConfigurations = (
				1210D72F26DEE2BC00127784 /* Debug */,
				1210D73026DEE2BC00127784 /* Release */,
			);
			defaultConfigurationIsVisible = 0;
			defaultConfigurationName = Release;
		};
/* End XCConfigurationList section */
	};
	rootObject = 1210D71226DEE2BA00127784 /* Project object */;
}
